
Microsoft Visual Studio Solution File, Format Version 12.00
# Visual Studio 14
VisualStudioVersion = 14.0.25420.1
MinimumVisualStudioVersion = 10.0.40219.1
Project("{FAE04EC0-301F-11D3-BF4B-00C04F79EFBC}") = "StrategyPattern", "StrategyPattern\StrategyPattern.csproj", "{4299E91E-6B3A-45FA-99BD-9EE8547CDCD1}"
EndProject
Project("{FAE04EC0-301F-11D3-BF4B-00C04F79EFBC}") = "ObserverPattern", "ObserverPattern\ObserverPattern.csproj", "{7F9B24BF-8523-441C-B454-62DDD6F91939}"
EndProject
Global
	GlobalSection(SolutionConfigurationPlatforms) = preSolution
		Debug|Any CPU = Debug|Any CPU
		Release|Any CPU = Release|Any CPU
	EndGlobalSection
	GlobalSection(ProjectConfigurationPlatforms) = postSolution
		{4299E91E-6B3A-45FA-99BD-9EE8547CDCD1}.Debug|Any CPU.ActiveCfg = Debug|Any CPU
		{4299E91E-6B3A-45FA-99BD-9EE8547CDCD1}.Debug|Any CPU.Build.0 = Debug|Any CPU
		{4299E91E-6B3A-45FA-99BD-9EE8547CDCD1}.Release|Any CPU.ActiveCfg = Release|Any CPU
		{4299E91E-6B3A-45FA-99BD-9EE8547CDCD1}.Release|Any CPU.Build.0 = Release|Any CPU
		{7F9B24BF-8523-441C-B454-62DDD6F91939}.Debug|Any CPU.ActiveCfg = Debug|Any CPU
		{7F9B24BF-8523-441C-B454-62DDD6F91939}.Debug|Any CPU.Build.0 = Debug|Any CPU
		{7F9B24BF-8523-441C-B454-62DDD6F91939}.Release|Any CPU.ActiveCfg = Release|Any CPU
		{7F9B24BF-8523-441C-B454-62DDD6F91939}.Release|Any CPU.Build.0 = Release|Any CPU
	EndGlobalSection
	GlobalSection(SolutionProperties) = preSolution
		HideSolutionNode = FALSE
	EndGlobalSection
EndGlobal
